{
  "name": "ezBraille",
  "lockfileVersion": 2,
  "requires": true,
  "packages": {
    "": {
      "dependencies": {
        "liblouis": "^0.4.0"
      }
    },
    "node_modules/liblouis": {
      "version": "0.4.0",
      "resolved": "https://registry.npmjs.org/liblouis/-/liblouis-0.4.0.tgz",
      "integrity": "sha512-ViuoMFbSbf39RyXYU/Q9IeQ5IYUdJVPrgz5nmXjkNkK5rmorivDDWRZLibPhEaip0Dpt00CG+NX1WQGHWCa+ow==",
      "dependencies": {
        "liblouis-build": "*"
      }
    },
    "node_modules/liblouis-build": {
      "version": "3.2.0-rc",
      "resolved": "https://registry.npmjs.org/liblouis-build/-/liblouis-build-3.2.0-rc.tgz",
      "integrity": "sha1-d0icOY6lIyh4or0n/6NZSZ4FanU="
    }
  },
  "dependencies": {
    "liblouis": {
      "version": "0.4.0",
      "resolved": "https://registry.npmjs.org/liblouis/-/liblouis-0.4.0.tgz",
      "integrity": "sha512-ViuoMFbSbf39RyXYU/Q9IeQ5IYUdJVPrgz5nmXjkNkK5rmorivDDWRZLibPhEaip0Dpt00CG+NX1WQGHWCa+ow==",
      "requires": {
        "liblouis-build": "*"
      }
    },
    "liblouis-build": {
      "version": "3.2.0-rc",
      "resolved": "https://registry.npmjs.org/liblouis-build/-/liblouis-build-3.2.0-rc.tgz",
      "integrity": "sha1-d0icOY6lIyh4or0n/6NZSZ4FanU="
    }
  }
}
